
Microsoft Visual Studio Solution File, Format Version 12.00
# Visual Studio Version 17
VisualStudioVersion = 17.9.34714.143
MinimumVisualStudioVersion = 10.0.40219.1
Project("{FAE04EC0-301F-11D3-BF4B-00C04F79EFBC}") = "WebPagoPatente", "WebPagoPatente\WebPagoPatente.csproj", "{B269A322-15F8-492C-B5D3-8DEEFC6EF151}"
EndProject
Global
	GlobalSection(SolutionConfigurationPlatforms) = preSolution
		Debug|Any CPU = Debug|Any CPU
		Release|Any CPU = Release|Any CPU
	EndGlobalSection
	GlobalSection(ProjectConfigurationPlatforms) = postSolution
		{B269A322-15F8-492C-B5D3-8DEEFC6EF151}.Debug|Any CPU.ActiveCfg = Debug|Any CPU
		{B269A322-15F8-492C-B5D3-8DEEFC6EF151}.Debug|Any CPU.Build.0 = Debug|Any CPU
		{B269A322-15F8-492C-B5D3-8DEEFC6EF151}.Release|Any CPU.ActiveCfg = Release|Any CPU
		{B269A322-15F8-492C-B5D3-8DEEFC6EF151}.Release|Any CPU.Build.0 = Release|Any CPU
	EndGlobalSection
	GlobalSection(SolutionProperties) = preSolution
		HideSolutionNode = FALSE
	EndGlobalSection
	GlobalSection(ExtensibilityGlobals) = postSolution
		SolutionGuid = {DAEA5402-FCDE-4455-87B9-A2571BA1A5C9}
	EndGlobalSection
EndGlobal
